// !$*UTF8*$!
{
	archiveVersion = 1;
	classes = {
	};
	objectVersion = 52;
	objects = {

/* Begin PBXBuildFile section */
		A542332126B52B7700DD003A /* Network.swift in Sources */ = {isa = PBXBuildFile; fileRef = A542332026B52B7700DD003A /* Network.swift */; };
		A542332426B5460800DD003A /* INetworkCenter.swift in Sources */ = {isa = PBXBuildFile; fileRef = A542332326B5460800DD003A /* INetworkCenter.swift */; };
		A542332626B547E600DD003A /* NetworkCenter.swift in Sources */ = {isa = PBXBuildFile; fileRef = A542332526B547E600DD003A /* NetworkCenter.swift */; };
		A542332926B5481800DD003A /* AnyModel.swift in Sources */ = {isa = PBXBuildFile; fileRef = A542332826B5481800DD003A /* AnyModel.swift */; };
		A542332B26B54A7800DD003A /* NetworkCenter+Headers.swift in Sources */ = {isa = PBXBuildFile; fileRef = A542332A26B54A7800DD003A /* NetworkCenter+Headers.swift */; };
		A542332D26B54B2100DD003A /* NetworkCenter+URL.swift in Sources */ = {isa = PBXBuildFile; fileRef = A542332C26B54B2100DD003A /* NetworkCenter+URL.swift */; };
		A542333026B54B9100DD003A /* Cache.swift in Sources */ = {isa = PBXBuildFile; fileRef = A542332F26B54B9100DD003A /* Cache.swift */; };
		A542333226B54CC400DD003A /* CacheManager.swift in Sources */ = {isa = PBXBuildFile; fileRef = A542333126B54CC400DD003A /* CacheManager.swift */; };
		A542333426B553C700DD003A /* INetwork+NetworkCenter.swift in Sources */ = {isa = PBXBuildFile; fileRef = A542333326B553C700DD003A /* INetwork+NetworkCenter.swift */; };
		A542333C26B555C500DD003A /* Items.swift in Sources */ = {isa = PBXBuildFile; fileRef = A542333726B555C500DD003A /* Items.swift */; };
		A542333D26B555C500DD003A /* Item.swift in Sources */ = {isa = PBXBuildFile; fileRef = A542333826B555C500DD003A /* Item.swift */; };
		A542334226B5562800DD003A /* NetworkCenterErrors.swift in Sources */ = {isa = PBXBuildFile; fileRef = A542334126B5562800DD003A /* NetworkCenterErrors.swift */; };
		A542334426B5569D00DD003A /* NetworkCenter+Response.swift in Sources */ = {isa = PBXBuildFile; fileRef = A542334326B5569D00DD003A /* NetworkCenter+Response.swift */; };
		A542334C26B55C4F00DD003A /* InternetAuthenticateType.swift in Sources */ = {isa = PBXBuildFile; fileRef = A542334626B55C4F00DD003A /* InternetAuthenticateType.swift */; };
		A542334D26B55C4F00DD003A /* SecureStoreError.swift in Sources */ = {isa = PBXBuildFile; fileRef = A542334726B55C4F00DD003A /* SecureStoreError.swift */; };
		A542334E26B55C4F00DD003A /* SecureStore.swift in Sources */ = {isa = PBXBuildFile; fileRef = A542334826B55C4F00DD003A /* SecureStore.swift */; };
		A542334F26B55C4F00DD003A /* InternetProtocol.swift in Sources */ = {isa = PBXBuildFile; fileRef = A542334926B55C4F00DD003A /* InternetProtocol.swift */; };
		A542335026B55C4F00DD003A /* SecureStoreQueryable.swift in Sources */ = {isa = PBXBuildFile; fileRef = A542334A26B55C4F00DD003A /* SecureStoreQueryable.swift */; };
		A542335326B55C7D00DD003A /* NetworkCenter+Token.swift in Sources */ = {isa = PBXBuildFile; fileRef = A542335226B55C7D00DD003A /* NetworkCenter+Token.swift */; };
		A542335626B55E1500DD003A /* Flickr.swift in Sources */ = {isa = PBXBuildFile; fileRef = A542335526B55E1500DD003A /* Flickr.swift */; };
		A542335826B561ED00DD003A /* FlickrSearch.swift in Sources */ = {isa = PBXBuildFile; fileRef = A542335726B561ED00DD003A /* FlickrSearch.swift */; };
		A542335A26B5A4F600DD003A /* Data.swift in Sources */ = {isa = PBXBuildFile; fileRef = A542335926B5A4F600DD003A /* Data.swift */; };
		A542335C26B5A75300DD003A /* FlickrSize.swift in Sources */ = {isa = PBXBuildFile; fileRef = A542335B26B5A75300DD003A /* FlickrSize.swift */; };
		A542335E26B5ADCF00DD003A /* PhotosController.swift in Sources */ = {isa = PBXBuildFile; fileRef = A542335D26B5ADCF00DD003A /* PhotosController.swift */; };
		A542336026B5B92B00DD003A /* FlickrImage.swift in Sources */ = {isa = PBXBuildFile; fileRef = A542335F26B5B92B00DD003A /* FlickrImage.swift */; };
		A542336526B5BCBA00DD003A /* PhotoCell.swift in Sources */ = {isa = PBXBuildFile; fileRef = A542336426B5BCBA00DD003A /* PhotoCell.swift */; };
		A542336926B5E9FD00DD003A /* Mindera.xcdatamodeld in Sources */ = {isa = PBXBuildFile; fileRef = A542336726B5E9FD00DD003A /* Mindera.xcdatamodeld */; };
		A542336B26B5EC0E00DD003A /* NSManagedObject+Ext.swift in Sources */ = {isa = PBXBuildFile; fileRef = A542336A26B5EC0E00DD003A /* NSManagedObject+Ext.swift */; };
		A542336D26B5EFC100DD003A /* Scheduler.swift in Sources */ = {isa = PBXBuildFile; fileRef = A542336C26B5EFC100DD003A /* Scheduler.swift */; };
		A542337026B5F25400DD003A /* FlickrSearchObject.swift in Sources */ = {isa = PBXBuildFile; fileRef = A542336F26B5F25400DD003A /* FlickrSearchObject.swift */; };
		A542337226B5F33900DD003A /* FlickrSearchStorage.swift in Sources */ = {isa = PBXBuildFile; fileRef = A542337126B5F33900DD003A /* FlickrSearchStorage.swift */; };
		A542337426B5FD5000DD003A /* CoreDataManager.swift in Sources */ = {isa = PBXBuildFile; fileRef = A542337326B5FD5000DD003A /* CoreDataManager.swift */; };
		A542337626B606BA00DD003A /* FlickrSizeObject.swift in Sources */ = {isa = PBXBuildFile; fileRef = A542337526B606BA00DD003A /* FlickrSizeObject.swift */; };
		A542337826B607C500DD003A /* FlickrSizeStorage.swift in Sources */ = {isa = PBXBuildFile; fileRef = A542337726B607C500DD003A /* FlickrSizeStorage.swift */; };
		A542337A26B6106600DD003A /* FlickrImageObject.swift in Sources */ = {isa = PBXBuildFile; fileRef = A542337926B6106600DD003A /* FlickrImageObject.swift */; };
		A542337C26B610E800DD003A /* FlickrImageStorage.swift in Sources */ = {isa = PBXBuildFile; fileRef = A542337B26B610E800DD003A /* FlickrImageStorage.swift */; };
		A542338026B64C8D00DD003A /* MainViewControllerTest.swift in Sources */ = {isa = PBXBuildFile; fileRef = A542337F26B64C8D00DD003A /* MainViewControllerTest.swift */; };
		A542338326B66FA000DD003A /* Mixpanel in Frameworks */ = {isa = PBXBuildFile; productRef = A542338226B66FA000DD003A /* Mixpanel */; };
		A542338626B671BD00DD003A /* Session.swift in Sources */ = {isa = PBXBuildFile; fileRef = A542338526B671BD00DD003A /* Session.swift */; };
		A542338826B6739000DD003A /* URLRequest.swift in Sources */ = {isa = PBXBuildFile; fileRef = A542338726B6739000DD003A /* URLRequest.swift */; };
		A542338A26B673F300DD003A /* Interaction.swift in Sources */ = {isa = PBXBuildFile; fileRef = A542338926B673F300DD003A /* Interaction.swift */; };
		A542338C26B674A400DD003A /* HTTPURLResponse.swift in Sources */ = {isa = PBXBuildFile; fileRef = A542338B26B674A400DD003A /* HTTPURLResponse.swift */; };
		A542338E26B674ED00DD003A /* URLResponse.swift in Sources */ = {isa = PBXBuildFile; fileRef = A542338D26B674ED00DD003A /* URLResponse.swift */; };
		A542339026B6756C00DD003A /* SessionDataTask.swift in Sources */ = {isa = PBXBuildFile; fileRef = A542338F26B6756C00DD003A /* SessionDataTask.swift */; };
		A542339226B67F3900DD003A /* Cassette.swift in Sources */ = {isa = PBXBuildFile; fileRef = A542339126B67F3900DD003A /* Cassette.swift */; };
		A542339626B6860900DD003A /* FlickrAPITest.swift in Sources */ = {isa = PBXBuildFile; fileRef = A542339526B6860900DD003A /* FlickrAPITest.swift */; };
		A5D88E9E26B48C310016CC8F /* AppDelegate.swift in Sources */ = {isa = PBXBuildFile; fileRef = A5D88E9D26B48C310016CC8F /* AppDelegate.swift */; };
		A5D88EA226B48C310016CC8F /* MainViewController.swift in Sources */ = {isa = PBXBuildFile; fileRef = A5D88EA126B48C310016CC8F /* MainViewController.swift */; };
		A5D88EA726B48C310016CC8F /* Assets.xcassets in Resources */ = {isa = PBXBuildFile; fileRef = A5D88EA626B48C310016CC8F /* Assets.xcassets */; };
		A5D88EAA26B48C310016CC8F /* LaunchScreen.storyboard in Resources */ = {isa = PBXBuildFile; fileRef = A5D88EA826B48C310016CC8F /* LaunchScreen.storyboard */; };
		A5D88EC026B48C310016CC8F /* MindiraUITests.swift in Sources */ = {isa = PBXBuildFile; fileRef = A5D88EBF26B48C310016CC8F /* MindiraUITests.swift */; };
/* End PBXBuildFile section */

/* Begin PBXContainerItemProxy section */
		A5D88EB126B48C310016CC8F /* PBXContainerItemProxy */ = {
			isa = PBXContainerItemProxy;
			containerPortal = A5D88E9226B48C310016CC8F /* Project object */;
			proxyType = 1;
			remoteGlobalIDString = A5D88E9926B48C310016CC8F;
			remoteInfo = Mindira;
		};
		A5D88EBC26B48C310016CC8F /* PBXContainerItemProxy */ = {
			isa = PBXContainerItemProxy;
			containerPortal = A5D88E9226B48C310016CC8F /* Project object */;
			proxyType = 1;
			remoteGlobalIDString = A5D88E9926B48C310016CC8F;
			remoteInfo = Mindira;
		};
/* End PBXContainerItemProxy section */

/* Begin PBXFileReference section */
		A542332026B52B7700DD003A /* Network.swift */ = {isa = PBXFileReference; lastKnownFileType = sourcecode.swift; path = Network.swift; sourceTree = "<group>"; };
		A542332326B5460800DD003A /* INetworkCenter.swift */ = {isa = PBXFileReference; lastKnownFileType = sourcecode.swift; path = INetworkCenter.swift; sourceTree = "<group>"; };
		A542332526B547E600DD003A /* NetworkCenter.swift */ = {isa = PBXFileReference; lastKnownFileType = sourcecode.swift; path = NetworkCenter.swift; sourceTree = "<group>"; };
		A542332826B5481800DD003A /* AnyModel.swift */ = {isa = PBXFileReference; lastKnownFileType = sourcecode.swift; path = AnyModel.swift; sourceTree = "<group>"; };
		A542332A26B54A7800DD003A /* NetworkCenter+Headers.swift */ = {isa = PBXFileReference; lastKnownFileType = sourcecode.swift; path = "NetworkCenter+Headers.swift"; sourceTree = "<group>"; };
		A542332C26B54B2100DD003A /* NetworkCenter+URL.swift */ = {isa = PBXFileReference; lastKnownFileType = sourcecode.swift; path = "NetworkCenter+URL.swift"; sourceTree = "<group>"; };
		A542332F26B54B9100DD003A /* Cache.swift */ = {isa = PBXFileReference; lastKnownFileType = sourcecode.swift; path = Cache.swift; sourceTree = "<group>"; };
		A542333126B54CC400DD003A /* CacheManager.swift */ = {isa = PBXFileReference; lastKnownFileType = sourcecode.swift; path = CacheManager.swift; sourceTree = "<group>"; };
		A542333326B553C700DD003A /* INetwork+NetworkCenter.swift */ = {isa = PBXFileReference; lastKnownFileType = sourcecode.swift; path = "INetwork+NetworkCenter.swift"; sourceTree = "<group>"; };
		A542333726B555C500DD003A /* Items.swift */ = {isa = PBXFileReference; fileEncoding = 4; lastKnownFileType = sourcecode.swift; path = Items.swift; sourceTree = "<group>"; };
		A542333826B555C500DD003A /* Item.swift */ = {isa = PBXFileReference; fileEncoding = 4; lastKnownFileType = sourcecode.swift; path = Item.swift; sourceTree = "<group>"; };
		A542334126B5562800DD003A /* NetworkCenterErrors.swift */ = {isa = PBXFileReference; lastKnownFileType = sourcecode.swift; path = NetworkCenterErrors.swift; sourceTree = "<group>"; };
		A542334326B5569D00DD003A /* NetworkCenter+Response.swift */ = {isa = PBXFileReference; lastKnownFileType = sourcecode.swift; path = "NetworkCenter+Response.swift"; sourceTree = "<group>"; };
		A542334626B55C4F00DD003A /* InternetAuthenticateType.swift */ = {isa = PBXFileReference; fileEncoding = 4; lastKnownFileType = sourcecode.swift; path = InternetAuthenticateType.swift; sourceTree = "<group>"; };
		A542334726B55C4F00DD003A /* SecureStoreError.swift */ = {isa = PBXFileReference; fileEncoding = 4; lastKnownFileType = sourcecode.swift; path = SecureStoreError.swift; sourceTree = "<group>"; };
		A542334826B55C4F00DD003A /* SecureStore.swift */ = {isa = PBXFileReference; fileEncoding = 4; lastKnownFileType = sourcecode.swift; path = SecureStore.swift; sourceTree = "<group>"; };
		A542334926B55C4F00DD003A /* InternetProtocol.swift */ = {isa = PBXFileReference; fileEncoding = 4; lastKnownFileType = sourcecode.swift; path = InternetProtocol.swift; sourceTree = "<group>"; };
		A542334A26B55C4F00DD003A /* SecureStoreQueryable.swift */ = {isa = PBXFileReference; fileEncoding = 4; lastKnownFileType = sourcecode.swift; path = SecureStoreQueryable.swift; sourceTree = "<group>"; };
		A542335226B55C7D00DD003A /* NetworkCenter+Token.swift */ = {isa = PBXFileReference; lastKnownFileType = sourcecode.swift; path = "NetworkCenter+Token.swift"; sourceTree = "<group>"; };
		A542335526B55E1500DD003A /* Flickr.swift */ = {isa = PBXFileReference; lastKnownFileType = sourcecode.swift; path = Flickr.swift; sourceTree = "<group>"; };
		A542335726B561ED00DD003A /* FlickrSearch.swift */ = {isa = PBXFileReference; lastKnownFileType = sourcecode.swift; path = FlickrSearch.swift; sourceTree = "<group>"; };
		A542335926B5A4F600DD003A /* Data.swift */ = {isa = PBXFileReference; lastKnownFileType = sourcecode.swift; path = Data.swift; sourceTree = "<group>"; };
		A542335B26B5A75300DD003A /* FlickrSize.swift */ = {isa = PBXFileReference; lastKnownFileType = sourcecode.swift; path = FlickrSize.swift; sourceTree = "<group>"; };
		A542335D26B5ADCF00DD003A /* PhotosController.swift */ = {isa = PBXFileReference; lastKnownFileType = sourcecode.swift; path = PhotosController.swift; sourceTree = "<group>"; };
		A542335F26B5B92B00DD003A /* FlickrImage.swift */ = {isa = PBXFileReference; lastKnownFileType = sourcecode.swift; path = FlickrImage.swift; sourceTree = "<group>"; };
		A542336426B5BCBA00DD003A /* PhotoCell.swift */ = {isa = PBXFileReference; lastKnownFileType = sourcecode.swift; path = PhotoCell.swift; sourceTree = "<group>"; };
		A542336826B5E9FD00DD003A /* Mindera.xcdatamodel */ = {isa = PBXFileReference; lastKnownFileType = wrapper.xcdatamodel; path = Mindera.xcdatamodel; sourceTree = "<group>"; };
		A542336A26B5EC0E00DD003A /* NSManagedObject+Ext.swift */ = {isa = PBXFileReference; lastKnownFileType = sourcecode.swift; path = "NSManagedObject+Ext.swift"; sourceTree = "<group>"; };
		A542336C26B5EFC100DD003A /* Scheduler.swift */ = {isa = PBXFileReference; lastKnownFileType = sourcecode.swift; path = Scheduler.swift; sourceTree = "<group>"; };
		A542336F26B5F25400DD003A /* FlickrSearchObject.swift */ = {isa = PBXFileReference; lastKnownFileType = sourcecode.swift; path = FlickrSearchObject.swift; sourceTree = "<group>"; };
		A542337126B5F33900DD003A /* FlickrSearchStorage.swift */ = {isa = PBXFileReference; lastKnownFileType = sourcecode.swift; path = FlickrSearchStorage.swift; sourceTree = "<group>"; };
		A542337326B5FD5000DD003A /* CoreDataManager.swift */ = {isa = PBXFileReference; lastKnownFileType = sourcecode.swift; path = CoreDataManager.swift; sourceTree = "<group>"; };
		A542337526B606BA00DD003A /* FlickrSizeObject.swift */ = {isa = PBXFileReference; lastKnownFileType = sourcecode.swift; path = FlickrSizeObject.swift; sourceTree = "<group>"; };
		A542337726B607C500DD003A /* FlickrSizeStorage.swift */ = {isa = PBXFileReference; lastKnownFileType = sourcecode.swift; path = FlickrSizeStorage.swift; sourceTree = "<group>"; };
		A542337926B6106600DD003A /* FlickrImageObject.swift */ = {isa = PBXFileReference; lastKnownFileType = sourcecode.swift; path = FlickrImageObject.swift; sourceTree = "<group>"; };
		A542337B26B610E800DD003A /* FlickrImageStorage.swift */ = {isa = PBXFileReference; lastKnownFileType = sourcecode.swift; path = FlickrImageStorage.swift; sourceTree = "<group>"; };
		A542337E26B64C8C00DD003A /* MindiraTests-Bridging-Header.h */ = {isa = PBXFileReference; lastKnownFileType = sourcecode.c.h; path = "MindiraTests-Bridging-Header.h"; sourceTree = "<group>"; };
		A542337F26B64C8D00DD003A /* MainViewControllerTest.swift */ = {isa = PBXFileReference; lastKnownFileType = sourcecode.swift; path = MainViewControllerTest.swift; sourceTree = "<group>"; };
		A542338526B671BD00DD003A /* Session.swift */ = {isa = PBXFileReference; lastKnownFileType = sourcecode.swift; path = Session.swift; sourceTree = "<group>"; };
		A542338726B6739000DD003A /* URLRequest.swift */ = {isa = PBXFileReference; lastKnownFileType = sourcecode.swift; path = URLRequest.swift; sourceTree = "<group>"; };
		A542338926B673F300DD003A /* Interaction.swift */ = {isa = PBXFileReference; lastKnownFileType = sourcecode.swift; path = Interaction.swift; sourceTree = "<group>"; };
		A542338B26B674A400DD003A /* HTTPURLResponse.swift */ = {isa = PBXFileReference; lastKnownFileType = sourcecode.swift; path = HTTPURLResponse.swift; sourceTree = "<group>"; };
		A542338D26B674ED00DD003A /* URLResponse.swift */ = {isa = PBXFileReference; lastKnownFileType = sourcecode.swift; path = URLResponse.swift; sourceTree = "<group>"; };
		A542338F26B6756C00DD003A /* SessionDataTask.swift */ = {isa = PBXFileReference; lastKnownFileType = sourcecode.swift; path = SessionDataTask.swift; sourceTree = "<group>"; };
		A542339126B67F3900DD003A /* Cassette.swift */ = {isa = PBXFileReference; lastKnownFileType = sourcecode.swift; path = Cassette.swift; sourceTree = "<group>"; };
		A542339526B6860900DD003A /* FlickrAPITest.swift */ = {isa = PBXFileReference; lastKnownFileType = sourcecode.swift; path = FlickrAPITest.swift; sourceTree = "<group>"; };
		A5D88E9A26B48C310016CC8F /* Mindera.app */ = {isa = PBXFileReference; explicitFileType = wrapper.application; includeInIndex = 0; path = Mindera.app; sourceTree = BUILT_PRODUCTS_DIR; };
		A5D88E9D26B48C310016CC8F /* AppDelegate.swift */ = {isa = PBXFileReference; lastKnownFileType = sourcecode.swift; path = AppDelegate.swift; sourceTree = "<group>"; };
		A5D88EA126B48C310016CC8F /* MainViewController.swift */ = {isa = PBXFileReference; lastKnownFileType = sourcecode.swift; path = MainViewController.swift; sourceTree = "<group>"; };
		A5D88EA626B48C310016CC8F /* Assets.xcassets */ = {isa = PBXFileReference; lastKnownFileType = folder.assetcatalog; path = Assets.xcassets; sourceTree = "<group>"; };
		A5D88EA926B48C310016CC8F /* Base */ = {isa = PBXFileReference; lastKnownFileType = file.storyboard; name = Base; path = Base.lproj/LaunchScreen.storyboard; sourceTree = "<group>"; };
		A5D88EAB26B48C310016CC8F /* Info.plist */ = {isa = PBXFileReference; lastKnownFileType = text.plist.xml; path = Info.plist; sourceTree = "<group>"; };
		A5D88EB026B48C310016CC8F /* MinderaTests.xctest */ = {isa = PBXFileReference; explicitFileType = wrapper.cfbundle; includeInIndex = 0; path = MinderaTests.xctest; sourceTree = BUILT_PRODUCTS_DIR; };
		A5D88EB626B48C310016CC8F /* Info.plist */ = {isa = PBXFileReference; lastKnownFileType = text.plist.xml; path = Info.plist; sourceTree = "<group>"; };
		A5D88EBB26B48C310016CC8F /* MinderaUITests.xctest */ = {isa = PBXFileReference; explicitFileType = wrapper.cfbundle; includeInIndex = 0; path = MinderaUITests.xctest; sourceTree = BUILT_PRODUCTS_DIR; };
		A5D88EBF26B48C310016CC8F /* MindiraUITests.swift */ = {isa = PBXFileReference; lastKnownFileType = sourcecode.swift; path = MindiraUITests.swift; sourceTree = "<group>"; };
		A5D88EC126B48C310016CC8F /* Info.plist */ = {isa = PBXFileReference; lastKnownFileType = text.plist.xml; path = Info.plist; sourceTree = "<group>"; };
/* End PBXFileReference section */

/* Begin PBXFrameworksBuildPhase section */
		A5D88E9726B48C310016CC8F /* Frameworks */ = {
			isa = PBXFrameworksBuildPhase;
			buildActionMask = 2147483647;
			files = (
				A542338326B66FA000DD003A /* Mixpanel in Frameworks */,
			);
			runOnlyForDeploymentPostprocessing = 0;
		};
		A5D88EAD26B48C310016CC8F /* Frameworks */ = {
			isa = PBXFrameworksBuildPhase;
			buildActionMask = 2147483647;
			files = (
			);
			runOnlyForDeploymentPostprocessing = 0;
		};
		A5D88EB826B48C310016CC8F /* Frameworks */ = {
			isa = PBXFrameworksBuildPhase;
			buildActionMask = 2147483647;
			files = (
			);
			runOnlyForDeploymentPostprocessing = 0;
		};
/* End PBXFrameworksBuildPhase section */

/* Begin PBXGroup section */
		A542331E26B52B6200DD003A /* Network */ = {
			isa = PBXGroup;
			children = (
				A542338426B6714600DD003A /* VHR */,
				A542335426B55E0300DD003A /* API */,
				A542334526B55C4F00DD003A /* SecureStore */,
				A542332E26B54B8100DD003A /* Cache */,
				A542332226B545F600DD003A /* NetworkCenter */,
				A542332026B52B7700DD003A /* Network.swift */,
			);
			path = Network;
			sourceTree = "<group>";
		};
		A542331F26B52B6900DD003A /* View */ = {
			isa = PBXGroup;
			children = (
				A542336326B5BCAB00DD003A /* Cells */,
				A5D88EA126B48C310016CC8F /* MainViewController.swift */,
				A542335D26B5ADCF00DD003A /* PhotosController.swift */,
			);
			path = View;
			sourceTree = "<group>";
		};
		A542332226B545F600DD003A /* NetworkCenter */ = {
			isa = PBXGroup;
			children = (
				A542333526B555AF00DD003A /* NetworkCenterTypes */,
				A542332326B5460800DD003A /* INetworkCenter.swift */,
				A542332526B547E600DD003A /* NetworkCenter.swift */,
				A542332A26B54A7800DD003A /* NetworkCenter+Headers.swift */,
				A542332C26B54B2100DD003A /* NetworkCenter+URL.swift */,
				A542333326B553C700DD003A /* INetwork+NetworkCenter.swift */,
				A542334126B5562800DD003A /* NetworkCenterErrors.swift */,
				A542334326B5569D00DD003A /* NetworkCenter+Response.swift */,
				A542335226B55C7D00DD003A /* NetworkCenter+Token.swift */,
			);
			path = NetworkCenter;
			sourceTree = "<group>";
		};
		A542332726B5480A00DD003A /* Model */ = {
			isa = PBXGroup;
			children = (
				A542332826B5481800DD003A /* AnyModel.swift */,
				A542335726B561ED00DD003A /* FlickrSearch.swift */,
				A542335B26B5A75300DD003A /* FlickrSize.swift */,
				A542335F26B5B92B00DD003A /* FlickrImage.swift */,
			);
			path = Model;
			sourceTree = "<group>";
		};
		A542332E26B54B8100DD003A /* Cache */ = {
			isa = PBXGroup;
			children = (
				A542332F26B54B9100DD003A /* Cache.swift */,
				A542333126B54CC400DD003A /* CacheManager.swift */,
			);
			path = Cache;
			sourceTree = "<group>";
		};
		A542333526B555AF00DD003A /* NetworkCenterTypes */ = {
			isa = PBXGroup;
			children = (
				A542333626B555C500DD003A /* Get */,
			);
			path = NetworkCenterTypes;
			sourceTree = "<group>";
		};
		A542333626B555C500DD003A /* Get */ = {
			isa = PBXGroup;
			children = (
				A542333726B555C500DD003A /* Items.swift */,
				A542333826B555C500DD003A /* Item.swift */,
				A542335926B5A4F600DD003A /* Data.swift */,
			);
			path = Get;
			sourceTree = "<group>";
		};
		A542334526B55C4F00DD003A /* SecureStore */ = {
			isa = PBXGroup;
			children = (
				A542334626B55C4F00DD003A /* InternetAuthenticateType.swift */,
				A542334726B55C4F00DD003A /* SecureStoreError.swift */,
				A542334826B55C4F00DD003A /* SecureStore.swift */,
				A542334926B55C4F00DD003A /* InternetProtocol.swift */,
				A542334A26B55C4F00DD003A /* SecureStoreQueryable.swift */,
			);
			path = SecureStore;
			sourceTree = "<group>";
		};
		A542335426B55E0300DD003A /* API */ = {
			isa = PBXGroup;
			children = (
				A542335526B55E1500DD003A /* Flickr.swift */,
			);
			path = API;
			sourceTree = "<group>";
		};
		A542336326B5BCAB00DD003A /* Cells */ = {
			isa = PBXGroup;
			children = (
				A542336426B5BCBA00DD003A /* PhotoCell.swift */,
			);
			path = Cells;
			sourceTree = "<group>";
		};
		A542336626B5E9E700DD003A /* Persistence */ = {
			isa = PBXGroup;
			children = (
				A542336E26B5F24600DD003A /* Model */,
				A542336726B5E9FD00DD003A /* Mindera.xcdatamodeld */,
				A542336A26B5EC0E00DD003A /* NSManagedObject+Ext.swift */,
				A542336C26B5EFC100DD003A /* Scheduler.swift */,
				A542337326B5FD5000DD003A /* CoreDataManager.swift */,
			);
			path = Persistence;
			sourceTree = "<group>";
		};
		A542336E26B5F24600DD003A /* Model */ = {
			isa = PBXGroup;
			children = (
				A542336F26B5F25400DD003A /* FlickrSearchObject.swift */,
				A542337526B606BA00DD003A /* FlickrSizeObject.swift */,
				A542337926B6106600DD003A /* FlickrImageObject.swift */,
				A542337126B5F33900DD003A /* FlickrSearchStorage.swift */,
				A542337726B607C500DD003A /* FlickrSizeStorage.swift */,
				A542337B26B610E800DD003A /* FlickrImageStorage.swift */,
			);
			path = Model;
			sourceTree = "<group>";
		};
		A542337D26B64C5E00DD003A /* View */ = {
			isa = PBXGroup;
			children = (
				A542337F26B64C8D00DD003A /* MainViewControllerTest.swift */,
				A542337E26B64C8C00DD003A /* MindiraTests-Bridging-Header.h */,
			);
			path = View;
			sourceTree = "<group>";
		};
		A542338426B6714600DD003A /* VHR */ = {
			isa = PBXGroup;
			children = (
				A542338526B671BD00DD003A /* Session.swift */,
				A542338926B673F300DD003A /* Interaction.swift */,
				A542338726B6739000DD003A /* URLRequest.swift */,
				A542338D26B674ED00DD003A /* URLResponse.swift */,
				A542338B26B674A400DD003A /* HTTPURLResponse.swift */,
				A542338F26B6756C00DD003A /* SessionDataTask.swift */,
				A542339126B67F3900DD003A /* Cassette.swift */,
			);
			path = VHR;
			sourceTree = "<group>";
		};
		A542339326B685EA00DD003A /* Network */ = {
			isa = PBXGroup;
			children = (
				A542339426B685F200DD003A /* API */,
			);
			path = Network;
			sourceTree = "<group>";
		};
		A542339426B685F200DD003A /* API */ = {
			isa = PBXGroup;
			children = (
				A542339526B6860900DD003A /* FlickrAPITest.swift */,
			);
			path = API;
			sourceTree = "<group>";
		};
		A5D88E9126B48C310016CC8F = {
			isa = PBXGroup;
			children = (
				A5D88E9C26B48C310016CC8F /* Mindera */,
				A5D88EB326B48C310016CC8F /* MinderaTests */,
				A5D88EBE26B48C310016CC8F /* MinderaUITests */,
				A5D88E9B26B48C310016CC8F /* Products */,
			);
			sourceTree = "<group>";
		};
		A5D88E9B26B48C310016CC8F /* Products */ = {
			isa = PBXGroup;
			children = (
				A5D88E9A26B48C310016CC8F /* Mindera.app */,
				A5D88EB026B48C310016CC8F /* MinderaTests.xctest */,
				A5D88EBB26B48C310016CC8F /* MinderaUITests.xctest */,
			);
			name = Products;
			sourceTree = "<group>";
		};
		A5D88E9C26B48C310016CC8F /* Mindera */ = {
			isa = PBXGroup;
			children = (
				A542336626B5E9E700DD003A /* Persistence */,
				A542332726B5480A00DD003A /* Model */,
				A542331F26B52B6900DD003A /* View */,
				A542331E26B52B6200DD003A /* Network */,
				A5D88E9D26B48C310016CC8F /* AppDelegate.swift */,
				A5D88EA626B48C310016CC8F /* Assets.xcassets */,
				A5D88EA826B48C310016CC8F /* LaunchScreen.storyboard */,
				A5D88EAB26B48C310016CC8F /* Info.plist */,
			);
			path = Mindera;
			sourceTree = "<group>";
		};
		A5D88EB326B48C310016CC8F /* MinderaTests */ = {
			isa = PBXGroup;
			children = (
				A542339326B685EA00DD003A /* Network */,
				A542337D26B64C5E00DD003A /* View */,
				A5D88EB626B48C310016CC8F /* Info.plist */,
			);
			path = MinderaTests;
			sourceTree = "<group>";
		};
		A5D88EBE26B48C310016CC8F /* MinderaUITests */ = {
			isa = PBXGroup;
			children = (
				A5D88EBF26B48C310016CC8F /* MindiraUITests.swift */,
				A5D88EC126B48C310016CC8F /* Info.plist */,
			);
			path = MinderaUITests;
			sourceTree = "<group>";
		};
/* End PBXGroup section */

/* Begin PBXNativeTarget section */
		A5D88E9926B48C310016CC8F /* Mindera */ = {
			isa = PBXNativeTarget;
			buildConfigurationList = A5D88EC426B48C310016CC8F /* Build configuration list for PBXNativeTarget "Mindera" */;
			buildPhases = (
				A5D88E9626B48C310016CC8F /* Sources */,
				A5D88E9726B48C310016CC8F /* Frameworks */,
				A5D88E9826B48C310016CC8F /* Resources */,
			);
			buildRules = (
			);
			dependencies = (
			);
			name = Mindera;
			packageProductDependencies = (
				A542338226B66FA000DD003A /* Mixpanel */,
			);
			productName = Mindira;
			productReference = A5D88E9A26B48C310016CC8F /* Mindera.app */;
			productType = "com.apple.product-type.application";
		};
		A5D88EAF26B48C310016CC8F /* MinderaTests */ = {
			isa = PBXNativeTarget;
			buildConfigurationList = A5D88EC726B48C310016CC8F /* Build configuration list for PBXNativeTarget "MinderaTests" */;
			buildPhases = (
				A5D88EAC26B48C310016CC8F /* Sources */,
				A5D88EAD26B48C310016CC8F /* Frameworks */,
				A5D88EAE26B48C310016CC8F /* Resources */,
			);
			buildRules = (
			);
			dependencies = (
				A5D88EB226B48C310016CC8F /* PBXTargetDependency */,
			);
			name = MinderaTests;
			productName = MindiraTests;
			productReference = A5D88EB026B48C310016CC8F /* MinderaTests.xctest */;
			productType = "com.apple.product-type.bundle.unit-test";
		};
		A5D88EBA26B48C310016CC8F /* MinderaUITests */ = {
			isa = PBXNativeTarget;
			buildConfigurationList = A5D88ECA26B48C310016CC8F /* Build configuration list for PBXNativeTarget "MinderaUITests" */;
			buildPhases = (
				A5D88EB726B48C310016CC8F /* Sources */,
				A5D88EB826B48C310016CC8F /* Frameworks */,
				A5D88EB926B48C310016CC8F /* Resources */,
			);
			buildRules = (
			);
			dependencies = (
				A5D88EBD26B48C310016CC8F /* PBXTargetDependency */,
			);
			name = MinderaUITests;
			productName = MindiraUITests;
			productReference = A5D88EBB26B48C310016CC8F /* MinderaUITests.xctest */;
			productType = "com.apple.product-type.bundle.ui-testing";
		};
/* End PBXNativeTarget section */

/* Begin PBXProject section */
		A5D88E9226B48C310016CC8F /* Project object */ = {
			isa = PBXProject;
			attributes = {
				LastSwiftUpdateCheck = 1250;
				LastUpgradeCheck = 1250;
				TargetAttributes = {
					A5D88E9926B48C310016CC8F = {
						CreatedOnToolsVersion = 12.5.1;
					};
					A5D88EAF26B48C310016CC8F = {
						CreatedOnToolsVersion = 12.5.1;
						LastSwiftMigration = 1250;
						TestTargetID = A5D88E9926B48C310016CC8F;
					};
					A5D88EBA26B48C310016CC8F = {
						CreatedOnToolsVersion = 12.5.1;
						TestTargetID = A5D88E9926B48C310016CC8F;
					};
				};
			};
			buildConfigurationList = A5D88E9526B48C310016CC8F /* Build configuration list for PBXProject "Mindera" */;
			compatibilityVersion = "Xcode 9.3";
			developmentRegion = en;
			hasScannedForEncodings = 0;
			knownRegions = (
				en,
				Base,
			);
			mainGroup = A5D88E9126B48C310016CC8F;
			packageReferences = (
				A542338126B66FA000DD003A /* XCRemoteSwiftPackageReference "mixpanel-swift" */,
			);
			productRefGroup = A5D88E9B26B48C310016CC8F /* Products */;
			projectDirPath = "";
			projectRoot = "";
			targets = (
				A5D88E9926B48C310016CC8F /* Mindera */,
				A5D88EAF26B48C310016CC8F /* MinderaTests */,
				A5D88EBA26B48C310016CC8F /* MinderaUITests */,
			);
		};
/* End PBXProject section */

/* Begin PBXResourcesBuildPhase section */
		A5D88E9826B48C310016CC8F /* Resources */ = {
			isa = PBXResourcesBuildPhase;
			buildActionMask = 2147483647;
			files = (
				A5D88EAA26B48C310016CC8F /* LaunchScreen.storyboard in Resources */,
				A5D88EA726B48C310016CC8F /* Assets.xcassets in Resources */,
			);
			runOnlyForDeploymentPostprocessing = 0;
		};
		A5D88EAE26B48C310016CC8F /* Resources */ = {
			isa = PBXResourcesBuildPhase;
			buildActionMask = 2147483647;
			files = (
			);
			runOnlyForDeploymentPostprocessing = 0;
		};
		A5D88EB926B48C310016CC8F /* Resources */ = {
			isa = PBXResourcesBuildPhase;
			buildActionMask = 2147483647;
			files = (
			);
			runOnlyForDeploymentPostprocessing = 0;
		};
/* End PBXResourcesBuildPhase section */

/* Begin PBXSourcesBuildPhase section */
		A5D88E9626B48C310016CC8F /* Sources */ = {
			isa = PBXSourcesBuildPhase;
			buildActionMask = 2147483647;
			files = (
				A542332126B52B7700DD003A /* Network.swift in Sources */,
				A542337826B607C500DD003A /* FlickrSizeStorage.swift in Sources */,
				A542333026B54B9100DD003A /* Cache.swift in Sources */,
				A542334E26B55C4F00DD003A /* SecureStore.swift in Sources */,
				A542335326B55C7D00DD003A /* NetworkCenter+Token.swift in Sources */,
				A542337626B606BA00DD003A /* FlickrSizeObject.swift in Sources */,
				A542337426B5FD5000DD003A /* CoreDataManager.swift in Sources */,
				A542335026B55C4F00DD003A /* SecureStoreQueryable.swift in Sources */,
				A542336B26B5EC0E00DD003A /* NSManagedObject+Ext.swift in Sources */,
				A542334426B5569D00DD003A /* NetworkCenter+Response.swift in Sources */,
				A542334C26B55C4F00DD003A /* InternetAuthenticateType.swift in Sources */,
				A542335A26B5A4F600DD003A /* Data.swift in Sources */,
				A5D88EA226B48C310016CC8F /* MainViewController.swift in Sources */,
				A542334226B5562800DD003A /* NetworkCenterErrors.swift in Sources */,
				A542335E26B5ADCF00DD003A /* PhotosController.swift in Sources */,
				A542336026B5B92B00DD003A /* FlickrImage.swift in Sources */,
				A542335826B561ED00DD003A /* FlickrSearch.swift in Sources */,
				A542332926B5481800DD003A /* AnyModel.swift in Sources */,
				A542333C26B555C500DD003A /* Items.swift in Sources */,
				A542337226B5F33900DD003A /* FlickrSearchStorage.swift in Sources */,
				A542338626B671BD00DD003A /* Session.swift in Sources */,
				A542339026B6756C00DD003A /* SessionDataTask.swift in Sources */,
				A542332B26B54A7800DD003A /* NetworkCenter+Headers.swift in Sources */,
				A542335C26B5A75300DD003A /* FlickrSize.swift in Sources */,
				A542335626B55E1500DD003A /* Flickr.swift in Sources */,
				A542337A26B6106600DD003A /* FlickrImageObject.swift in Sources */,
				A542332D26B54B2100DD003A /* NetworkCenter+URL.swift in Sources */,
				A542336926B5E9FD00DD003A /* Mindera.xcdatamodeld in Sources */,
				A542333D26B555C500DD003A /* Item.swift in Sources */,
				A542336D26B5EFC100DD003A /* Scheduler.swift in Sources */,
				A542338A26B673F300DD003A /* Interaction.swift in Sources */,
				A542338E26B674ED00DD003A /* URLResponse.swift in Sources */,
				A542334F26B55C4F00DD003A /* InternetProtocol.swift in Sources */,
				A542333226B54CC400DD003A /* CacheManager.swift in Sources */,
				A542338C26B674A400DD003A /* HTTPURLResponse.swift in Sources */,
				A5D88E9E26B48C310016CC8F /* AppDelegate.swift in Sources */,
				A542339226B67F3900DD003A /* Cassette.swift in Sources */,
				A542333426B553C700DD003A /* INetwork+NetworkCenter.swift in Sources */,
				A542332626B547E600DD003A /* NetworkCenter.swift in Sources */,
				A542332426B5460800DD003A /* INetworkCenter.swift in Sources */,
				A542337C26B610E800DD003A /* FlickrImageStorage.swift in Sources */,
				A542336526B5BCBA00DD003A /* PhotoCell.swift in Sources */,
				A542337026B5F25400DD003A /* FlickrSearchObject.swift in Sources */,
				A542334D26B55C4F00DD003A /* SecureStoreError.swift in Sources */,
				A542338826B6739000DD003A /* URLRequest.swift in Sources */,
			);
			runOnlyForDeploymentPostprocessing = 0;
		};
		A5D88EAC26B48C310016CC8F /* Sources */ = {
			isa = PBXSourcesBuildPhase;
			buildActionMask = 2147483647;
			files = (
				A542338026B64C8D00DD003A /* MainViewControllerTest.swift in Sources */,
				A542339626B6860900DD003A /* FlickrAPITest.swift in Sources */,
			);
			runOnlyForDeploymentPostprocessing = 0;
		};
		A5D88EB726B48C310016CC8F /* Sources */ = {
			isa = PBXSourcesBuildPhase;
			buildActionMask = 2147483647;
			files = (
				A5D88EC026B48C310016CC8F /* MindiraUITests.swift in Sources */,
			);
			runOnlyForDeploymentPostprocessing = 0;
		};
/* End PBXSourcesBuildPhase section */

/* Begin PBXTargetDependency section */
		A5D88EB226B48C310016CC8F /* PBXTargetDependency */ = {
			isa = PBXTargetDependency;
			target = A5D88E9926B48C310016CC8F /* Mindera */;
			targetProxy = A5D88EB126B48C310016CC8F /* PBXContainerItemProxy */;
		};
		A5D88EBD26B48C310016CC8F /* PBXTargetDependency */ = {
			isa = PBXTargetDependency;
			target = A5D88E9926B48C310016CC8F /* Mindera */;
			targetProxy = A5D88EBC26B48C310016CC8F /* PBXContainerItemProxy */;
		};
/* End PBXTargetDependency section */

/* Begin PBXVariantGroup section */
		A5D88EA826B48C310016CC8F /* LaunchScreen.storyboard */ = {
			isa = PBXVariantGroup;
			children = (
				A5D88EA926B48C310016CC8F /* Base */,
			);
			name = LaunchScreen.storyboard;
			sourceTree = "<group>";
		};
/* End PBXVariantGroup section */

/* Begin XCBuildConfiguration section */
		A5D88EC226B48C310016CC8F /* Debug */ = {
			isa = XCBuildConfiguration;
			buildSettings = {
				ALWAYS_SEARCH_USER_PATHS = NO;
				CLANG_ANALYZER_NONNULL = YES;
				CLANG_ANALYZER_NUMBER_OBJECT_CONVERSION = YES_AGGRESSIVE;
				CLANG_CXX_LANGUAGE_STANDARD = "gnu++14";
				CLANG_CXX_LIBRARY = "libc++";
				CLANG_ENABLE_MODULES = YES;
				CLANG_ENABLE_OBJC_ARC = YES;
				CLANG_ENABLE_OBJC_WEAK = YES;
				CLANG_WARN_BLOCK_CAPTURE_AUTORELEASING = YES;
				CLANG_WARN_BOOL_CONVERSION = YES;
				CLANG_WARN_COMMA = YES;
				CLANG_WARN_CONSTANT_CONVERSION = YES;
				CLANG_WARN_DEPRECATED_OBJC_IMPLEMENTATIONS = YES;
				CLANG_WARN_DIRECT_OBJC_ISA_USAGE = YES_ERROR;
				CLANG_WARN_DOCUMENTATION_COMMENTS = YES;
				CLANG_WARN_EMPTY_BODY = YES;
				CLANG_WARN_ENUM_CONVERSION = YES;
				CLANG_WARN_INFINITE_RECURSION = YES;
				CLANG_WARN_INT_CONVERSION = YES;
				CLANG_WARN_NON_LITERAL_NULL_CONVERSION = YES;
				CLANG_WARN_OBJC_IMPLICIT_RETAIN_SELF = YES;
				CLANG_WARN_OBJC_LITERAL_CONVERSION = YES;
				CLANG_WARN_OBJC_ROOT_CLASS = YES_ERROR;
				CLANG_WARN_QUOTED_INCLUDE_IN_FRAMEWORK_HEADER = YES;
				CLANG_WARN_RANGE_LOOP_ANALYSIS = YES;
				CLANG_WARN_STRICT_PROTOTYPES = YES;
				CLANG_WARN_SUSPICIOUS_MOVE = YES;
				CLANG_WARN_UNGUARDED_AVAILABILITY = YES_AGGRESSIVE;
				CLANG_WARN_UNREACHABLE_CODE = YES;
				CLANG_WARN__DUPLICATE_METHOD_MATCH = YES;
				COPY_PHASE_STRIP = NO;
				DEBUG_INFORMATION_FORMAT = dwarf;
				ENABLE_STRICT_OBJC_MSGSEND = YES;
				ENABLE_TESTABILITY = YES;
				GCC_C_LANGUAGE_STANDARD = gnu11;
				GCC_DYNAMIC_NO_PIC = NO;
				GCC_NO_COMMON_BLOCKS = YES;
				GCC_OPTIMIZATION_LEVEL = 0;
				GCC_PREPROCESSOR_DEFINITIONS = (
					"DEBUG=1",
					"$(inherited)",
				);
				GCC_WARN_64_TO_32_BIT_CONVERSION = YES;
				GCC_WARN_ABOUT_RETURN_TYPE = YES_ERROR;
				GCC_WARN_UNDECLARED_SELECTOR = YES;
				GCC_WARN_UNINITIALIZED_AUTOS = YES_AGGRESSIVE;
				GCC_WARN_UNUSED_FUNCTION = YES;
				GCC_WARN_UNUSED_VARIABLE = YES;
				IPHONEOS_DEPLOYMENT_TARGET = 14.5;
				MTL_ENABLE_DEBUG_INFO = INCLUDE_SOURCE;
				MTL_FAST_MATH = YES;
				ONLY_ACTIVE_ARCH = YES;
				PRODUCT_NAME = Mindera;
				SDKROOT = iphoneos;
				SWIFT_ACTIVE_COMPILATION_CONDITIONS = DEBUG;
				SWIFT_OPTIMIZATION_LEVEL = "-Onone";
			};
			name = Debug;
		};
		A5D88EC326B48C310016CC8F /* Release */ = {
			isa = XCBuildConfiguration;
			buildSettings = {
				ALWAYS_SEARCH_USER_PATHS = NO;
				CLANG_ANALYZER_NONNULL = YES;
				CLANG_ANALYZER_NUMBER_OBJECT_CONVERSION = YES_AGGRESSIVE;
				CLANG_CXX_LANGUAGE_STANDARD = "gnu++14";
				CLANG_CXX_LIBRARY = "libc++";
				CLANG_ENABLE_MODULES = YES;
				CLANG_ENABLE_OBJC_ARC = YES;
				CLANG_ENABLE_OBJC_WEAK = YES;
				CLANG_WARN_BLOCK_CAPTURE_AUTORELEASING = YES;
				CLANG_WARN_BOOL_CONVERSION = YES;
				CLANG_WARN_COMMA = YES;
				CLANG_WARN_CONSTANT_CONVERSION = YES;
				CLANG_WARN_DEPRECATED_OBJC_IMPLEMENTATIONS = YES;
				CLANG_WARN_DIRECT_OBJC_ISA_USAGE = YES_ERROR;
				CLANG_WARN_DOCUMENTATION_COMMENTS = YES;
				CLANG_WARN_EMPTY_BODY = YES;
				CLANG_WARN_ENUM_CONVERSION = YES;
				CLANG_WARN_INFINITE_RECURSION = YES;
				CLANG_WARN_INT_CONVERSION = YES;
				CLANG_WARN_NON_LITERAL_NULL_CONVERSION = YES;
				CLANG_WARN_OBJC_IMPLICIT_RETAIN_SELF = YES;
				CLANG_WARN_OBJC_LITERAL_CONVERSION = YES;
				CLANG_WARN_OBJC_ROOT_CLASS = YES_ERROR;
				CLANG_WARN_QUOTED_INCLUDE_IN_FRAMEWORK_HEADER = YES;
				CLANG_WARN_RANGE_LOOP_ANALYSIS = YES;
				CLANG_WARN_STRICT_PROTOTYPES = YES;
				CLANG_WARN_SUSPICIOUS_MOVE = YES;
				CLANG_WARN_UNGUARDED_AVAILABILITY = YES_AGGRESSIVE;
				CLANG_WARN_UNREACHABLE_CODE = YES;
				CLANG_WARN__DUPLICATE_METHOD_MATCH = YES;
				COPY_PHASE_STRIP = NO;
				DEBUG_INFORMATION_FORMAT = "dwarf-with-dsym";
				ENABLE_NS_ASSERTIONS = NO;
				ENABLE_STRICT_OBJC_MSGSEND = YES;
				GCC_C_LANGUAGE_STANDARD = gnu11;
				GCC_NO_COMMON_BLOCKS = YES;
				GCC_WARN_64_TO_32_BIT_CONVERSION = YES;
				GCC_WARN_ABOUT_RETURN_TYPE = YES_ERROR;
				GCC_WARN_UNDECLARED_SELECTOR = YES;
				GCC_WARN_UNINITIALIZED_AUTOS = YES_AGGRESSIVE;
				GCC_WARN_UNUSED_FUNCTION = YES;
				GCC_WARN_UNUSED_VARIABLE = YES;
				IPHONEOS_DEPLOYMENT_TARGET = 14.5;
				MTL_ENABLE_DEBUG_INFO = NO;
				MTL_FAST_MATH = YES;
				PRODUCT_NAME = Mindera;
				SDKROOT = iphoneos;
				SWIFT_COMPILATION_MODE = wholemodule;
				SWIFT_OPTIMIZATION_LEVEL = "-O";
				VALIDATE_PRODUCT = YES;
			};
			name = Release;
		};
		A5D88EC526B48C310016CC8F /* Debug */ = {
			isa = XCBuildConfiguration;
			buildSettings = {
				ASSETCATALOG_COMPILER_APPICON_NAME = AppIcon;
				ASSETCATALOG_COMPILER_GLOBAL_ACCENT_COLOR_NAME = AccentColor;
				CODE_SIGN_STYLE = Automatic;
				DEVELOPMENT_TEAM = NF5R33H474;
				INFOPLIST_FILE = Mindera/Info.plist;
				LD_RUNPATH_SEARCH_PATHS = (
					"$(inherited)",
					"@executable_path/Frameworks",
				);
				PRODUCT_BUNDLE_IDENTIFIER = com.cdebruyn.Mindera;
				PRODUCT_NAME = "$(TARGET_NAME)";
				SWIFT_VERSION = 5.0;
				TARGETED_DEVICE_FAMILY = "1,2";
			};
			name = Debug;
		};
		A5D88EC626B48C310016CC8F /* Release */ = {
			isa = XCBuildConfiguration;
			buildSettings = {
				ASSETCATALOG_COMPILER_APPICON_NAME = AppIcon;
				ASSETCATALOG_COMPILER_GLOBAL_ACCENT_COLOR_NAME = AccentColor;
				CODE_SIGN_STYLE = Automatic;
				DEVELOPMENT_TEAM = NF5R33H474;
				INFOPLIST_FILE = Mindera/Info.plist;
				LD_RUNPATH_SEARCH_PATHS = (
					"$(inherited)",
					"@executable_path/Frameworks",
				);
				PRODUCT_BUNDLE_IDENTIFIER = com.cdebruyn.Mindera;
				PRODUCT_NAME = "$(TARGET_NAME)";
				SWIFT_VERSION = 5.0;
				TARGETED_DEVICE_FAMILY = "1,2";
			};
			name = Release;
		};
		A5D88EC826B48C310016CC8F /* Debug */ = {
			isa = XCBuildConfiguration;
			buildSettings = {
				ALWAYS_EMBED_SWIFT_STANDARD_LIBRARIES = YES;
				BUNDLE_LOADER = "$(TEST_HOST)";
				CLANG_ENABLE_MODULES = YES;
				CODE_SIGN_STYLE = Automatic;
				DEVELOPMENT_TEAM = NF5R33H474;
				INFOPLIST_FILE = MindiraTests/Info.plist;
				IPHONEOS_DEPLOYMENT_TARGET = 14.5;
				LD_RUNPATH_SEARCH_PATHS = (
					"$(inherited)",
					"@executable_path/Frameworks",
					"@loader_path/Frameworks",
				);
				PRODUCT_BUNDLE_IDENTIFIER = com.cdebruyn.MindiraTests;
				PRODUCT_NAME = "$(TARGET_NAME)";
				SWIFT_OBJC_BRIDGING_HEADER = "MindiraTests/View/MindiraTests-Bridging-Header.h";
				SWIFT_OPTIMIZATION_LEVEL = "-Onone";
				SWIFT_VERSION = 5.0;
				TARGETED_DEVICE_FAMILY = "1,2";
				TEST_HOST = "$(BUILT_PRODUCTS_DIR)/Mindira.app/Mindira";
			};
			name = Debug;
		};
		A5D88EC926B48C310016CC8F /* Release */ = {
			isa = XCBuildConfiguration;
			buildSettings = {
				ALWAYS_EMBED_SWIFT_STANDARD_LIBRARIES = YES;
				BUNDLE_LOADER = "$(TEST_HOST)";
				CLANG_ENABLE_MODULES = YES;
				CODE_SIGN_STYLE = Automatic;
				DEVELOPMENT_TEAM = NF5R33H474;
				INFOPLIST_FILE = MindiraTests/Info.plist;
				IPHONEOS_DEPLOYMENT_TARGET = 14.5;
				LD_RUNPATH_SEARCH_PATHS = (
					"$(inherited)",
					"@executable_path/Frameworks",
					"@loader_path/Frameworks",
				);
				PRODUCT_BUNDLE_IDENTIFIER = com.cdebruyn.MindiraTests;
				PRODUCT_NAME = "$(TARGET_NAME)";
				SWIFT_OBJC_BRIDGING_HEADER = "MindiraTests/View/MindiraTests-Bridging-Header.h";
				SWIFT_VERSION = 5.0;
				TARGETED_DEVICE_FAMILY = "1,2";
				TEST_HOST = "$(BUILT_PRODUCTS_DIR)/Mindira.app/Mindira";
			};
			name = Release;
		};
		A5D88ECB26B48C310016CC8F /* Debug */ = {
			isa = XCBuildConfiguration;
			buildSettings = {
				ALWAYS_EMBED_SWIFT_STANDARD_LIBRARIES = YES;
				CODE_SIGN_STYLE = Automatic;
				DEVELOPMENT_TEAM = NF5R33H474;
				INFOPLIST_FILE = MindiraUITests/Info.plist;
				LD_RUNPATH_SEARCH_PATHS = (
					"$(inherited)",
					"@executable_path/Frameworks",
					"@loader_path/Frameworks",
				);
				PRODUCT_BUNDLE_IDENTIFIER = com.cdebruyn.MindiraUITests;
				PRODUCT_NAME = "$(TARGET_NAME)";
				SWIFT_VERSION = 5.0;
				TARGETED_DEVICE_FAMILY = "1,2";
				TEST_TARGET_NAME = Mindira;
			};
			name = Debug;
		};
		A5D88ECC26B48C310016CC8F /* Release */ = {
			isa = XCBuildConfiguration;
			buildSettings = {
				ALWAYS_EMBED_SWIFT_STANDARD_LIBRARIES = YES;
				CODE_SIGN_STYLE = Automatic;
				DEVELOPMENT_TEAM = NF5R33H474;
				INFOPLIST_FILE = MindiraUITests/Info.plist;
				LD_RUNPATH_SEARCH_PATHS = (
					"$(inherited)",
					"@executable_path/Frameworks",
					"@loader_path/Frameworks",
				);
				PRODUCT_BUNDLE_IDENTIFIER = com.cdebruyn.MindiraUITests;
				PRODUCT_NAME = "$(TARGET_NAME)";
				SWIFT_VERSION = 5.0;
				TARGETED_DEVICE_FAMILY = "1,2";
				TEST_TARGET_NAME = Mindira;
			};
			name = Release;
		};
/* End XCBuildConfiguration section */

/* Begin XCConfigurationList section */
		A5D88E9526B48C310016CC8F /* Build configuration list for PBXProject "Mindera" */ = {
			isa = XCConfigurationList;
			buildConfigurations = (
				A5D88EC226B48C310016CC8F /* Debug */,
				A5D88EC326B48C310016CC8F /* Release */,
			);
			defaultConfigurationIsVisible = 0;
			defaultConfigurationName = Release;
		};
		A5D88EC426B48C310016CC8F /* Build configuration list for PBXNativeTarget "Mindera" */ = {
			isa = XCConfigurationList;
			buildConfigurations = (
				A5D88EC526B48C310016CC8F /* Debug */,
				A5D88EC626B48C310016CC8F /* Release */,
			);
			defaultConfigurationIsVisible = 0;
			defaultConfigurationName = Release;
		};
		A5D88EC726B48C310016CC8F /* Build configuration list for PBXNativeTarget "MinderaTests" */ = {
			isa = XCConfigurationList;
			buildConfigurations = (
				A5D88EC826B48C310016CC8F /* Debug */,
				A5D88EC926B48C310016CC8F /* Release */,
			);
			defaultConfigurationIsVisible = 0;
			defaultConfigurationName = Release;
		};
		A5D88ECA26B48C310016CC8F /* Build configuration list for PBXNativeTarget "MinderaUITests" */ = {
			isa = XCConfigurationList;
			buildConfigurations = (
				A5D88ECB26B48C310016CC8F /* Debug */,
				A5D88ECC26B48C310016CC8F /* Release */,
			);
			defaultConfigurationIsVisible = 0;
			defaultConfigurationName = Release;
		};
/* End XCConfigurationList section */

/* Begin XCRemoteSwiftPackageReference section */
		A542338126B66FA000DD003A /* XCRemoteSwiftPackageReference "mixpanel-swift" */ = {
			isa = XCRemoteSwiftPackageReference;
			repositoryURL = "https://github.com/mixpanel/mixpanel-swift";
			requirement = {
				kind = upToNextMajorVersion;
				minimumVersion = 2.10.2;
			};
		};
/* End XCRemoteSwiftPackageReference section */

/* Begin XCSwiftPackageProductDependency section */
		A542338226B66FA000DD003A /* Mixpanel */ = {
			isa = XCSwiftPackageProductDependency;
			package = A542338126B66FA000DD003A /* XCRemoteSwiftPackageReference "mixpanel-swift" */;
			productName = Mixpanel;
		};
/* End XCSwiftPackageProductDependency section */

/* Begin XCVersionGroup section */
		A542336726B5E9FD00DD003A /* Mindera.xcdatamodeld */ = {
			isa = XCVersionGroup;
			children = (
				A542336826B5E9FD00DD003A /* Mindera.xcdatamodel */,
			);
			currentVersion = A542336826B5E9FD00DD003A /* Mindera.xcdatamodel */;
			path = Mindera.xcdatamodeld;
			sourceTree = "<group>";
			versionGroupType = wrapper.xcdatamodel;
		};
/* End XCVersionGroup section */
	};
	rootObject = A5D88E9226B48C310016CC8F /* Project object */;
}
